
Microsoft Visual Studio Solution File, Format Version 12.00
# Visual Studio Version 16
VisualStudioVersion = 16.0.29025.244
MinimumVisualStudioVersion = 10.0.40219.1
Project("{FAE04EC0-301F-11D3-BF4B-00C04F79EFBC}") = "MergeTIFF", "MergeTIFF.csproj", "{20AA40A9-C324-4D74-8868-4C9AA35E731A}"
EndProject
Global
	GlobalSection(SolutionConfigurationPlatforms) = preSolution
		Debug|Any CPU = Debug|Any CPU
		Release|Any CPU = Release|Any CPU
	EndGlobalSection
	GlobalSection(ProjectConfigurationPlatforms) = postSolution
		{20AA40A9-C324-4D74-8868-4C9AA35E731A}.Debug|Any CPU.ActiveCfg = Debug|Any CPU
		{20AA40A9-C324-4D74-8868-4C9AA35E731A}.Debug|Any CPU.Build.0 = Debug|Any CPU
		{20AA40A9-C324-4D74-8868-4C9AA35E731A}.Release|Any CPU.ActiveCfg = Release|Any CPU
		{20AA40A9-C324-4D74-8868-4C9AA35E731A}.Release|Any CPU.Build.0 = Release|Any CPU
	EndGlobalSection
	GlobalSection(SolutionProperties) = preSolution
		HideSolutionNode = FALSE
	EndGlobalSection
	GlobalSection(ExtensibilityGlobals) = postSolution
		SolutionGuid = {7D9F5CFE-2066-4BF2-9DA3-9CAF10254A8F}
	EndGlobalSection
EndGlobal
